
Microsoft Visual Studio Solution File, Format Version 12.00
# Visual Studio Version 17
VisualStudioVersion = 17.10.35122.118
MinimumVisualStudioVersion = 10.0.40219.1
Project("{FAE04EC0-301F-11D3-BF4B-00C04F79EFBC}") = "TESTPART2", "TESTPART2\TESTPART2.csproj", "{2292DE7A-7E64-4B9E-A9F6-C40C109108DE}"
EndProject
Global
	GlobalSection(SolutionConfigurationPlatforms) = preSolution
		Debug|Any CPU = Debug|Any CPU
		Release|Any CPU = Release|Any CPU
	EndGlobalSection
	GlobalSection(ProjectConfigurationPlatforms) = postSolution
		{2292DE7A-7E64-4B9E-A9F6-C40C109108DE}.Debug|Any CPU.ActiveCfg = Debug|Any CPU
		{2292DE7A-7E64-4B9E-A9F6-C40C109108DE}.Debug|Any CPU.Build.0 = Debug|Any CPU
		{2292DE7A-7E64-4B9E-A9F6-C40C109108DE}.Release|Any CPU.ActiveCfg = Release|Any CPU
		{2292DE7A-7E64-4B9E-A9F6-C40C109108DE}.Release|Any CPU.Build.0 = Release|Any CPU
	EndGlobalSection
	GlobalSection(SolutionProperties) = preSolution
		HideSolutionNode = FALSE
	EndGlobalSection
	GlobalSection(ExtensibilityGlobals) = postSolution
		SolutionGuid = {203CF5C1-BA21-4DE1-9856-8AA45A0C8603}
	EndGlobalSection
EndGlobal
